
Microsoft Visual Studio Solution File, Format Version 12.00
# Visual Studio Version 17
VisualStudioVersion = 17.14.36301.6
MinimumVisualStudioVersion = 10.0.40219.1
Project("{FAE04EC0-301F-11D3-BF4B-00C04F79EFBC}") = "UserManagementSystem", "UserManagementSystem.csproj", "{66353460-F0B0-4E08-B6E0-0CCEDE05D9ED}"
EndProject
Global
	GlobalSection(SolutionConfigurationPlatforms) = preSolution
		Debug|Any CPU = Debug|Any CPU
		Release|Any CPU = Release|Any CPU
	EndGlobalSection
	GlobalSection(ProjectConfigurationPlatforms) = postSolution
		{66353460-F0B0-4E08-B6E0-0CCEDE05D9ED}.Debug|Any CPU.ActiveCfg = Debug|Any CPU
		{66353460-F0B0-4E08-B6E0-0CCEDE05D9ED}.Debug|Any CPU.Build.0 = Debug|Any CPU
		{66353460-F0B0-4E08-B6E0-0CCEDE05D9ED}.Release|Any CPU.ActiveCfg = Release|Any CPU
		{66353460-F0B0-4E08-B6E0-0CCEDE05D9ED}.Release|Any CPU.Build.0 = Release|Any CPU
	EndGlobalSection
	GlobalSection(SolutionProperties) = preSolution
		HideSolutionNode = FALSE
	EndGlobalSection
	GlobalSection(ExtensibilityGlobals) = postSolution
		SolutionGuid = {9378D832-A396-4B4F-A3E9-3468E316F12A}
	EndGlobalSection
EndGlobal
